
Microsoft Visual Studio Solution File, Format Version 11.00
# Visual Studio 2010
Project("{F184B08F-C81C-45F6-A57F-5ABD9991F28F}") = "Sistema de Venta de Libros", "Sistema de Venta de Libros\Sistema de Venta de Libros.vbproj", "{AE5D3070-03A2-46D5-8B67-77CA22DB1DF2}"
EndProject
Global
	GlobalSection(SolutionConfigurationPlatforms) = preSolution
		Debug|x86 = Debug|x86
		Release|x86 = Release|x86
	EndGlobalSection
	GlobalSection(ProjectConfigurationPlatforms) = postSolution
		{AE5D3070-03A2-46D5-8B67-77CA22DB1DF2}.Debug|x86.ActiveCfg = Debug|x86
		{AE5D3070-03A2-46D5-8B67-77CA22DB1DF2}.Debug|x86.Build.0 = Debug|x86
		{AE5D3070-03A2-46D5-8B67-77CA22DB1DF2}.Release|x86.ActiveCfg = Release|x86
		{AE5D3070-03A2-46D5-8B67-77CA22DB1DF2}.Release|x86.Build.0 = Release|x86
	EndGlobalSection
	GlobalSection(SolutionProperties) = preSolution
		HideSolutionNode = FALSE
	EndGlobalSection
EndGlobal
